
Microsoft Visual Studio Solution File, Format Version 12.00
# Visual Studio 2012
Project("{FAE04EC0-301F-11D3-BF4B-00C04F79EFBC}") = "winforms-launcher", "winforms-launcher\winforms-launcher.csproj", "{FA993D6C-3EFD-496E-9218-D9F90205A2F1}"
EndProject
Project("{FAE04EC0-301F-11D3-BF4B-00C04F79EFBC}") = "core", "core\core.csproj", "{9613CC31-1778-483C-88AF-018FE68D6B67}"
EndProject
Project("{FAE04EC0-301F-11D3-BF4B-00C04F79EFBC}") = "winforms-gui", "winforms-gui\winforms-gui.csproj", "{C608A1D1-D44B-49C2-A70C-EAF2343A93B7}"
EndProject
Global
	GlobalSection(SolutionConfigurationPlatforms) = preSolution
		Debug|x86 = Debug|x86
		Release|x86 = Release|x86
	EndGlobalSection
	GlobalSection(ProjectConfigurationPlatforms) = postSolution
		{9613CC31-1778-483C-88AF-018FE68D6B67}.Debug|x86.ActiveCfg = Debug|x86
		{9613CC31-1778-483C-88AF-018FE68D6B67}.Debug|x86.Build.0 = Debug|x86
		{9613CC31-1778-483C-88AF-018FE68D6B67}.Release|x86.ActiveCfg = Release|x86
		{9613CC31-1778-483C-88AF-018FE68D6B67}.Release|x86.Build.0 = Release|x86
		{C608A1D1-D44B-49C2-A70C-EAF2343A93B7}.Debug|x86.ActiveCfg = Debug|x86
		{C608A1D1-D44B-49C2-A70C-EAF2343A93B7}.Debug|x86.Build.0 = Debug|x86
		{C608A1D1-D44B-49C2-A70C-EAF2343A93B7}.Release|x86.ActiveCfg = Release|x86
		{C608A1D1-D44B-49C2-A70C-EAF2343A93B7}.Release|x86.Build.0 = Release|x86
		{FA993D6C-3EFD-496E-9218-D9F90205A2F1}.Debug|x86.ActiveCfg = Debug|x86
		{FA993D6C-3EFD-496E-9218-D9F90205A2F1}.Debug|x86.Build.0 = Debug|x86
		{FA993D6C-3EFD-496E-9218-D9F90205A2F1}.Release|x86.ActiveCfg = Release|x86
		{FA993D6C-3EFD-496E-9218-D9F90205A2F1}.Release|x86.Build.0 = Release|x86
	EndGlobalSection
EndGlobal
